// !$*UTF8*$!
{
	archiveVersion = 1;
	classes = {
	};
	objectVersion = 46;
	objects = {

/* Begin PBXBuildFile section */
		E74142BF1AC15E3F00CA648B /* main.m in Sources */ = {isa = PBXBuildFile; fileRef = E74142BE1AC15E3F00CA648B /* main.m */; };
		E74142C21AC15E3F00CA648B /* AppDelegate.m in Sources */ = {isa = PBXBuildFile; fileRef = E74142C11AC15E3F00CA648B /* AppDelegate.m */; };
		E74142C51AC15E3F00CA648B /* ViewController.m in Sources */ = {isa = PBXBuildFile; fileRef = E74142C41AC15E3F00CA648B /* ViewController.m */; };
		E74142C81AC15E3F00CA648B /* Main.storyboard in Resources */ = {isa = PBXBuildFile; fileRef = E74142C61AC15E3F00CA648B /* Main.storyboard */; };
		E74142CA1AC15E3F00CA648B /* Images.xcassets in Resources */ = {isa = PBXBuildFile; fileRef = E74142C91AC15E3F00CA648B /* Images.xcassets */; };
		E74142CD1AC15E3F00CA648B /* LaunchScreen.xib in Resources */ = {isa = PBXBuildFile; fileRef = E74142CB1AC15E3F00CA648B /* LaunchScreen.xib */; };
		E74142D91AC15E4000CA648B /* PopupSelectionBoxDemoTests.m in Sources */ = {isa = PBXBuildFile; fileRef = E74142D81AC15E4000CA648B /* PopupSelectionBoxDemoTests.m */; };
		E74142E51AC1611800CA648B /* LXSelectItemView.m in Sources */ = {isa = PBXBuildFile; fileRef = E74142E41AC1611800CA648B /* LXSelectItemView.m */; };
		E79B33131AC3B06A009C4E7D /* people_radio_on.png in Resources */ = {isa = PBXBuildFile; fileRef = E79B330F1AC3B06A009C4E7D /* people_radio_on.png */; };
		E79B33141AC3B06A009C4E7D /* people_radio_on@2x.png in Resources */ = {isa = PBXBuildFile; fileRef = E79B33101AC3B06A009C4E7D /* people_radio_on@2x.png */; };
		E79B33151AC3B06A009C4E7D /* people_radio.png in Resources */ = {isa = PBXBuildFile; fileRef = E79B33111AC3B06A009C4E7D /* people_radio.png */; };
		E79B33161AC3B06A009C4E7D /* people_radio@2x.png in Resources */ = {isa = PBXBuildFile; fileRef = E79B33121AC3B06A009C4E7D /* people_radio@2x.png */; };
		E79B33181AC3B0BE009C4E7D /* CarStyleConfig.plist in Resources */ = {isa = PBXBuildFile; fileRef = E79B33171AC3B0BE009C4E7D /* CarStyleConfig.plist */; };
		E79B331B1AC3B433009C4E7D /* car.png in Resources */ = {isa = PBXBuildFile; fileRef = E79B33191AC3B433009C4E7D /* car.png */; };
		E79B331C1AC3B433009C4E7D /* car@2x.png in Resources */ = {isa = PBXBuildFile; fileRef = E79B331A1AC3B433009C4E7D /* car@2x.png */; };
/* End PBXBuildFile section */

/* Begin PBXContainerItemProxy section */
		E74142D31AC15E4000CA648B /* PBXContainerItemProxy */ = {
			isa = PBXContainerItemProxy;
			containerPortal = E74142B11AC15E3F00CA648B /* Project object */;
			proxyType = 1;
			remoteGlobalIDString = E74142B81AC15E3F00CA648B;
			remoteInfo = PopupSelectionBoxDemo;
		};
/* End PBXContainerItemProxy section */

/* Begin PBXFileReference section */
		E74142B91AC15E3F00CA648B /* PopupSelectionBoxDemo.app */ = {isa = PBXFileReference; explicitFileType = wrapper.application; includeInIndex = 0; path = PopupSelectionBoxDemo.app; sourceTree = BUILT_PRODUCTS_DIR; };
		E74142BD1AC15E3F00CA648B /* Info.plist */ = {isa = PBXFileReference; lastKnownFileType = text.plist.xml; path = Info.plist; sourceTree = "<group>"; };
		E74142BE1AC15E3F00CA648B /* main.m */ = {isa = PBXFileReference; lastKnownFileType = sourcecode.c.objc; path = main.m; sourceTree = "<group>"; };
		E74142C01AC15E3F00CA648B /* AppDelegate.h */ = {isa = PBXFileReference; lastKnownFileType = sourcecode.c.h; path = AppDelegate.h; sourceTree = "<group>"; };
		E74142C11AC15E3F00CA648B /* AppDelegate.m */ = {isa = PBXFileReference; lastKnownFileType = sourcecode.c.objc; path = AppDelegate.m; sourceTree = "<group>"; };
		E74142C31AC15E3F00CA648B /* ViewController.h */ = {isa = PBXFileReference; lastKnownFileType = sourcecode.c.h; path = ViewController.h; sourceTree = "<group>"; };
		E74142C41AC15E3F00CA648B /* ViewController.m */ = {isa = PBXFileReference; lastKnownFileType = sourcecode.c.objc; path = ViewController.m; sourceTree = "<group>"; };
		E74142C71AC15E3F00CA648B /* Base */ = {isa = PBXFileReference; lastKnownFileType = file.storyboard; name = Base; path = Base.lproj/Main.storyboard; sourceTree = "<group>"; };
		E74142C91AC15E3F00CA648B /* Images.xcassets */ = {isa = PBXFileReference; lastKnownFileType = folder.assetcatalog; path = Images.xcassets; sourceTree = "<group>"; };
		E74142CC1AC15E3F00CA648B /* Base */ = {isa = PBXFileReference; lastKnownFileType = file.xib; name = Base; path = Base.lproj/LaunchScreen.xib; sourceTree = "<group>"; };
		E74142D21AC15E4000CA648B /* PopupSelectionBoxDemoTests.xctest */ = {isa = PBXFileReference; explicitFileType = wrapper.cfbundle; includeInIndex = 0; path = PopupSelectionBoxDemoTests.xctest; sourceTree = BUILT_PRODUCTS_DIR; };
		E74142D71AC15E4000CA648B /* Info.plist */ = {isa = PBXFileReference; lastKnownFileType = text.plist.xml; path = Info.plist; sourceTree = "<group>"; };
		E74142D81AC15E4000CA648B /* PopupSelectionBoxDemoTests.m */ = {isa = PBXFileReference; lastKnownFileType = sourcecode.c.objc; path = PopupSelectionBoxDemoTests.m; sourceTree = "<group>"; };
		E74142E31AC1611800CA648B /* LXSelectItemView.h */ = {isa = PBXFileReference; fileEncoding = 4; lastKnownFileType = sourcecode.c.h; path = LXSelectItemView.h; sourceTree = "<group>"; };
		E74142E41AC1611800CA648B /* LXSelectItemView.m */ = {isa = PBXFileReference; fileEncoding = 4; lastKnownFileType = sourcecode.c.objc; path = LXSelectItemView.m; sourceTree = "<group>"; };
		E79B330F1AC3B06A009C4E7D /* people_radio_on.png */ = {isa = PBXFileReference; lastKnownFileType = image.png; path = people_radio_on.png; sourceTree = "<group>"; };
		E79B33101AC3B06A009C4E7D /* people_radio_on@2x.png */ = {isa = PBXFileReference; lastKnownFileType = image.png; path = "people_radio_on@2x.png"; sourceTree = "<group>"; };
		E79B33111AC3B06A009C4E7D /* people_radio.png */ = {isa = PBXFileReference; lastKnownFileType = image.png; path = people_radio.png; sourceTree = "<group>"; };
		E79B33121AC3B06A009C4E7D /* people_radio@2x.png */ = {isa = PBXFileReference; lastKnownFileType = image.png; path = "people_radio@2x.png"; sourceTree = "<group>"; };
		E79B33171AC3B0BE009C4E7D /* CarStyleConfig.plist */ = {isa = PBXFileReference; fileEncoding = 4; lastKnownFileType = text.plist.xml; path = CarStyleConfig.plist; sourceTree = "<group>"; };
		E79B33191AC3B433009C4E7D /* car.png */ = {isa = PBXFileReference; lastKnownFileType = image.png; path = car.png; sourceTree = "<group>"; };
		E79B331A1AC3B433009C4E7D /* car@2x.png */ = {isa = PBXFileReference; lastKnownFileType = image.png; path = "car@2x.png"; sourceTree = "<group>"; };
/* End PBXFileReference section */

/* Begin PBXFrameworksBuildPhase section */
		E74142B61AC15E3F00CA648B /* Frameworks */ = {
			isa = PBXFrameworksBuildPhase;
			buildActionMask = 2147483647;
			files = (
			);
			runOnlyForDeploymentPostprocessing = 0;
		};
		E74142CF1AC15E4000CA648B /* Frameworks */ = {
			isa = PBXFrameworksBuildPhase;
			buildActionMask = 2147483647;
			files = (
			);
			runOnlyForDeploymentPostprocessing = 0;
		};
/* End PBXFrameworksBuildPhase section */

/* Begin PBXGroup section */
		E74142B01AC15E3F00CA648B = {
			isa = PBXGroup;
			children = (
				E74142BB1AC15E3F00CA648B /* PopupSelectionBoxDemo */,
				E74142D51AC15E4000CA648B /* PopupSelectionBoxDemoTests */,
				E74142BA1AC15E3F00CA648B /* Products */,
			);
			sourceTree = "<group>";
		};
		E74142BA1AC15E3F00CA648B /* Products */ = {
			isa = PBXGroup;
			children = (
				E74142B91AC15E3F00CA648B /* PopupSelectionBoxDemo.app */,
				E74142D21AC15E4000CA648B /* PopupSelectionBoxDemoTests.xctest */,
			);
			name = Products;
			sourceTree = "<group>";
		};
		E74142BB1AC15E3F00CA648B /* PopupSelectionBoxDemo */ = {
			isa = PBXGroup;
			children = (
				E74142E21AC160E700CA648B /* CustomClass */,
				E74142C01AC15E3F00CA648B /* AppDelegate.h */,
				E74142C11AC15E3F00CA648B /* AppDelegate.m */,
				E74142C31AC15E3F00CA648B /* ViewController.h */,
				E74142C41AC15E3F00CA648B /* ViewController.m */,
				E74142C61AC15E3F00CA648B /* Main.storyboard */,
				E74142C91AC15E3F00CA648B /* Images.xcassets */,
				E74142CB1AC15E3F00CA648B /* LaunchScreen.xib */,
				E74142BC1AC15E3F00CA648B /* Supporting Files */,
			);
			path = PopupSelectionBoxDemo;
			sourceTree = "<group>";
		};
		E74142BC1AC15E3F00CA648B /* Supporting Files */ = {
			isa = PBXGroup;
			children = (
				E79B33171AC3B0BE009C4E7D /* CarStyleConfig.plist */,
				E79B330F1AC3B06A009C4E7D /* people_radio_on.png */,
				E79B33101AC3B06A009C4E7D /* people_radio_on@2x.png */,
				E79B33111AC3B06A009C4E7D /* people_radio.png */,
				E79B33121AC3B06A009C4E7D /* people_radio@2x.png */,
				E79B33191AC3B433009C4E7D /* car.png */,
				E79B331A1AC3B433009C4E7D /* car@2x.png */,
				E74142BD1AC15E3F00CA648B /* Info.plist */,
				E74142BE1AC15E3F00CA648B /* main.m */,
			);
			name = "Supporting Files";
			sourceTree = "<group>";
		};
		E74142D51AC15E4000CA648B /* PopupSelectionBoxDemoTests */ = {
			isa = PBXGroup;
			children = (
				E74142D81AC15E4000CA648B /* PopupSelectionBoxDemoTests.m */,
				E74142D61AC15E4000CA648B /* Supporting Files */,
			);
			path = PopupSelectionBoxDemoTests;
			sourceTree = "<group>";
		};
		E74142D61AC15E4000CA648B /* Supporting Files */ = {
			isa = PBXGroup;
			children = (
				E74142D71AC15E4000CA648B /* Info.plist */,
			);
			name = "Supporting Files";
			sourceTree = "<group>";
		};
		E74142E21AC160E700CA648B /* CustomClass */ = {
			isa = PBXGroup;
			children = (
				E74142E31AC1611800CA648B /* LXSelectItemView.h */,
				E74142E41AC1611800CA648B /* LXSelectItemView.m */,
			);
			name = CustomClass;
			sourceTree = "<group>";
		};
/* End PBXGroup section */

/* Begin PBXNativeTarget section */
		E74142B81AC15E3F00CA648B /* PopupSelectionBoxDemo */ = {
			isa = PBXNativeTarget;
			buildConfigurationList = E74142DC1AC15E4000CA648B /* Build configuration list for PBXNativeTarget "PopupSelectionBoxDemo" */;
			buildPhases = (
				E74142B51AC15E3F00CA648B /* Sources */,
				E74142B61AC15E3F00CA648B /* Frameworks */,
				E74142B71AC15E3F00CA648B /* Resources */,
			);
			buildRules = (
			);
			dependencies = (
			);
			name = PopupSelectionBoxDemo;
			productName = PopupSelectionBoxDemo;
			productReference = E74142B91AC15E3F00CA648B /* PopupSelectionBoxDemo.app */;
			productType = "com.apple.product-type.application";
		};
		E74142D11AC15E4000CA648B /* PopupSelectionBoxDemoTests */ = {
			isa = PBXNativeTarget;
			buildConfigurationList = E74142DF1AC15E4000CA648B /* Build configuration list for PBXNativeTarget "PopupSelectionBoxDemoTests" */;
			buildPhases = (
				E74142CE1AC15E4000CA648B /* Sources */,
				E74142CF1AC15E4000CA648B /* Frameworks */,
				E74142D01AC15E4000CA648B /* Resources */,
			);
			buildRules = (
			);
			dependencies = (
				E74142D41AC15E4000CA648B /* PBXTargetDependency */,
			);
			name = PopupSelectionBoxDemoTests;
			productName = PopupSelectionBoxDemoTests;
			productReference = E74142D21AC15E4000CA648B /* PopupSelectionBoxDemoTests.xctest */;
			productType = "com.apple.product-type.bundle.unit-test";
		};
/* End PBXNativeTarget section */

/* Begin PBXProject section */
		E74142B11AC15E3F00CA648B /* Project object */ = {
			isa = PBXProject;
			attributes = {
				LastUpgradeCheck = 0620;
				ORGANIZATIONNAME = ylx;
				TargetAttributes = {
					E74142B81AC15E3F00CA648B = {
						CreatedOnToolsVersion = 6.2;
					};
					E74142D11AC15E4000CA648B = {
						CreatedOnToolsVersion = 6.2;
						TestTargetID = E74142B81AC15E3F00CA648B;
					};
				};
			};
			buildConfigurationList = E74142B41AC15E3F00CA648B /* Build configuration list for PBXProject "PopupSelectionBoxDemo" */;
			compatibilityVersion = "Xcode 3.2";
			developmentRegion = English;
			hasScannedForEncodings = 0;
			knownRegions = (
				en,
				Base,
			);
			mainGroup = E74142B01AC15E3F00CA648B;
			productRefGroup = E74142BA1AC15E3F00CA648B /* Products */;
			projectDirPath = "";
			projectRoot = "";
			targets = (
				E74142B81AC15E3F00CA648B /* PopupSelectionBoxDemo */,
				E74142D11AC15E4000CA648B /* PopupSelectionBoxDemoTests */,
			);
		};
/* End PBXProject section */

/* Begin PBXResourcesBuildPhase section */
		E74142B71AC15E3F00CA648B /* Resources */ = {
			isa = PBXResourcesBuildPhase;
			buildActionMask = 2147483647;
			files = (
				E79B331C1AC3B433009C4E7D /* car@2x.png in Resources */,
				E79B33141AC3B06A009C4E7D /* people_radio_on@2x.png in Resources */,
				E74142C81AC15E3F00CA648B /* Main.storyboard in Resources */,
				E79B331B1AC3B433009C4E7D /* car.png in Resources */,
				E79B33161AC3B06A009C4E7D /* people_radio@2x.png in Resources */,
				E79B33181AC3B0BE009C4E7D /* CarStyleConfig.plist in Resources */,
				E79B33151AC3B06A009C4E7D /* people_radio.png in Resources */,
				E79B33131AC3B06A009C4E7D /* people_radio_on.png in Resources */,
				E74142CD1AC15E3F00CA648B /* LaunchScreen.xib in Resources */,
				E74142CA1AC15E3F00CA648B /* Images.xcassets in Resources */,
			);
			runOnlyForDeploymentPostprocessing = 0;
		};
		E74142D01AC15E4000CA648B /* Resources */ = {
			isa = PBXResourcesBuildPhase;
			buildActionMask = 2147483647;
			files = (
			);
			runOnlyForDeploymentPostprocessing = 0;
		};
/* End PBXResourcesBuildPhase section */

/* Begin PBXSourcesBuildPhase section */
		E74142B51AC15E3F00CA648B /* Sources */ = {
			isa = PBXSourcesBuildPhase;
			buildActionMask = 2147483647;
			files = (
				E74142C51AC15E3F00CA648B /* ViewController.m in Sources */,
				E74142C21AC15E3F00CA648B /* AppDelegate.m in Sources */,
				E74142BF1AC15E3F00CA648B /* main.m in Sources */,
				E74142E51AC1611800CA648B /* LXSelectItemView.m in Sources */,
			);
			runOnlyForDeploymentPostprocessing = 0;
		};
		E74142CE1AC15E4000CA648B /* Sources */ = {
			isa = PBXSourcesBuildPhase;
			buildActionMask = 2147483647;
			files = (
				E74142D91AC15E4000CA648B /* PopupSelectionBoxDemoTests.m in Sources */,
			);
			runOnlyForDeploymentPostprocessing = 0;
		};
/* End PBXSourcesBuildPhase section */

/* Begin PBXTargetDependency section */
		E74142D41AC15E4000CA648B /* PBXTargetDependency */ = {
			isa = PBXTargetDependency;
			target = E74142B81AC15E3F00CA648B /* PopupSelectionBoxDemo */;
			targetProxy = E74142D31AC15E4000CA648B /* PBXContainerItemProxy */;
		};
/* End PBXTargetDependency section */

/* Begin PBXVariantGroup section */
		E74142C61AC15E3F00CA648B /* Main.storyboard */ = {
			isa = PBXVariantGroup;
			children = (
				E74142C71AC15E3F00CA648B /* Base */,
			);
			name = Main.storyboard;
			sourceTree = "<group>";
		};
		E74142CB1AC15E3F00CA648B /* LaunchScreen.xib */ = {
			isa = PBXVariantGroup;
			children = (
				E74142CC1AC15E3F00CA648B /* Base */,
			);
			name = LaunchScreen.xib;
			sourceTree = "<group>";
		};
/* End PBXVariantGroup section */

/* Begin XCBuildConfiguration section */
		E74142DA1AC15E4000CA648B /* Debug */ = {
			isa = XCBuildConfiguration;
			buildSettings = {
				ALWAYS_SEARCH_USER_PATHS = NO;
				CLANG_CXX_LANGUAGE_STANDARD = "gnu++0x";
				CLANG_CXX_LIBRARY = "libc++";
				CLANG_ENABLE_MODULES = YES;
				CLANG_ENABLE_OBJC_ARC = YES;
				CLANG_WARN_BOOL_CONVERSION = YES;
				CLANG_WARN_CONSTANT_CONVERSION = YES;
				CLANG_WARN_DIRECT_OBJC_ISA_USAGE = YES_ERROR;
				CLANG_WARN_EMPTY_BODY = YES;
				CLANG_WARN_ENUM_CONVERSION = YES;
				CLANG_WARN_INT_CONVERSION = YES;
				CLANG_WARN_OBJC_ROOT_CLASS = YES_ERROR;
				CLANG_WARN_UNREACHABLE_CODE = YES;
				CLANG_WARN__DUPLICATE_METHOD_MATCH = YES;
				"CODE_SIGN_IDENTITY[sdk=iphoneos*]" = "iPhone Developer";
				COPY_PHASE_STRIP = NO;
				ENABLE_STRICT_OBJC_MSGSEND = YES;
				GCC_C_LANGUAGE_STANDARD = gnu99;
				GCC_DYNAMIC_NO_PIC = NO;
				GCC_OPTIMIZATION_LEVEL = 0;
				GCC_PREPROCESSOR_DEFINITIONS = (
					"DEBUG=1",
					"$(inherited)",
				);
				GCC_SYMBOLS_PRIVATE_EXTERN = NO;
				GCC_WARN_64_TO_32_BIT_CONVERSION = YES;
				GCC_WARN_ABOUT_RETURN_TYPE = YES_ERROR;
				GCC_WARN_UNDECLARED_SELECTOR = YES;
				GCC_WARN_UNINITIALIZED_AUTOS = YES_AGGRESSIVE;
				GCC_WARN_UNUSED_FUNCTION = YES;
				GCC_WARN_UNUSED_VARIABLE = YES;
				IPHONEOS_DEPLOYMENT_TARGET = 8.2;
				MTL_ENABLE_DEBUG_INFO = YES;
				ONLY_ACTIVE_ARCH = YES;
				SDKROOT = iphoneos;
			};
			name = Debug;
		};
		E74142DB1AC15E4000CA648B /* Release */ = {
			isa = XCBuildConfiguration;
			buildSettings = {
				ALWAYS_SEARCH_USER_PATHS = NO;
				CLANG_CXX_LANGUAGE_STANDARD = "gnu++0x";
				CLANG_CXX_LIBRARY = "libc++";
				CLANG_ENABLE_MODULES = YES;
				CLANG_ENABLE_OBJC_ARC = YES;
				CLANG_WARN_BOOL_CONVERSION = YES;
				CLANG_WARN_CONSTANT_CONVERSION = YES;
				CLANG_WARN_DIRECT_OBJC_ISA_USAGE = YES_ERROR;
				CLANG_WARN_EMPTY_BODY = YES;
				CLANG_WARN_ENUM_CONVERSION = YES;
				CLANG_WARN_INT_CONVERSION = YES;
				CLANG_WARN_OBJC_ROOT_CLASS = YES_ERROR;
				CLANG_WARN_UNREACHABLE_CODE = YES;
				CLANG_WARN__DUPLICATE_METHOD_MATCH = YES;
				"CODE_SIGN_IDENTITY[sdk=iphoneos*]" = "iPhone Developer";
				COPY_PHASE_STRIP = NO;
				ENABLE_NS_ASSERTIONS = NO;
				ENABLE_STRICT_OBJC_MSGSEND = YES;
				GCC_C_LANGUAGE_STANDARD = gnu99;
				GCC_WARN_64_TO_32_BIT_CONVERSION = YES;
				GCC_WARN_ABOUT_RETURN_TYPE = YES_ERROR;
				GCC_WARN_UNDECLARED_SELECTOR = YES;
				GCC_WARN_UNINITIALIZED_AUTOS = YES_AGGRESSIVE;
				GCC_WARN_UNUSED_FUNCTION = YES;
				GCC_WARN_UNUSED_VARIABLE = YES;
				IPHONEOS_DEPLOYMENT_TARGET = 8.2;
				MTL_ENABLE_DEBUG_INFO = NO;
				SDKROOT = iphoneos;
				VALIDATE_PRODUCT = YES;
			};
			name = Release;
		};
		E74142DD1AC15E4000CA648B /* Debug */ = {
			isa = XCBuildConfiguration;
			buildSettings = {
				ASSETCATALOG_COMPILER_APPICON_NAME = AppIcon;
				INFOPLIST_FILE = PopupSelectionBoxDemo/Info.plist;
				LD_RUNPATH_SEARCH_PATHS = "$(inherited) @executable_path/Frameworks";
				PRODUCT_NAME = "$(TARGET_NAME)";
			};
			name = Debug;
		};
		E74142DE1AC15E4000CA648B /* Release */ = {
			isa = XCBuildConfiguration;
			buildSettings = {
				ASSETCATALOG_COMPILER_APPICON_NAME = AppIcon;
				INFOPLIST_FILE = PopupSelectionBoxDemo/Info.plist;
				LD_RUNPATH_SEARCH_PATHS = "$(inherited) @executable_path/Frameworks";
				PRODUCT_NAME = "$(TARGET_NAME)";
			};
			name = Release;
		};
		E74142E01AC15E4000CA648B /* Debug */ = {
			isa = XCBuildConfiguration;
			buildSettings = {
				BUNDLE_LOADER = "$(TEST_HOST)";
				FRAMEWORK_SEARCH_PATHS = (
					"$(SDKROOT)/Developer/Library/Frameworks",
					"$(inherited)",
				);
				GCC_PREPROCESSOR_DEFINITIONS = (
					"DEBUG=1",
					"$(inherited)",
				);
				INFOPLIST_FILE = PopupSelectionBoxDemoTests/Info.plist;
				LD_RUNPATH_SEARCH_PATHS = "$(inherited) @executable_path/Frameworks @loader_path/Frameworks";
				PRODUCT_NAME = "$(TARGET_NAME)";
				TEST_HOST = "$(BUILT_PRODUCTS_DIR)/PopupSelectionBoxDemo.app/PopupSelectionBoxDemo";
			};
			name = Debug;
		};
		E74142E11AC15E4000CA648B /* Release */ = {
			isa = XCBuildConfiguration;
			buildSettings = {
				BUNDLE_LOADER = "$(TEST_HOST)";
				FRAMEWORK_SEARCH_PATHS = (
					"$(SDKROOT)/Developer/Library/Frameworks",
					"$(inherited)",
				);
				INFOPLIST_FILE = PopupSelectionBoxDemoTests/Info.plist;
				LD_RUNPATH_SEARCH_PATHS = "$(inherited) @executable_path/Frameworks @loader_path/Frameworks";
				PRODUCT_NAME = "$(TARGET_NAME)";
				TEST_HOST = "$(BUILT_PRODUCTS_DIR)/PopupSelectionBoxDemo.app/PopupSelectionBoxDemo";
			};
			name = Release;
		};
/* End XCBuildConfiguration section */

/* Begin XCConfigurationList section */
		E74142B41AC15E3F00CA648B /* Build configuration list for PBXProject "PopupSelectionBoxDemo" */ = {
			isa = XCConfigurationList;
			buildConfigurations = (
				E74142DA1AC15E4000CA648B /* Debug */,
				E74142DB1AC15E4000CA648B /* Release */,
			);
			defaultConfigurationIsVisible = 0;
			defaultConfigurationName = Release;
		};
		E74142DC1AC15E4000CA648B /* Build configuration list for PBXNativeTarget "PopupSelectionBoxDemo" */ = {
			isa = XCConfigurationList;
			buildConfigurations = (
				E74142DD1AC15E4000CA648B /* Debug */,
				E74142DE1AC15E4000CA648B /* Release */,
			);
			defaultConfigurationIsVisible = 0;
			defaultConfigurationName = Release;
		};
		E74142DF1AC15E4000CA648B /* Build configuration list for PBXNativeTarget "PopupSelectionBoxDemoTests" */ = {
			isa = XCConfigurationList;
			buildConfigurations = (
				E74142E01AC15E4000CA648B /* Debug */,
				E74142E11AC15E4000CA648B /* Release */,
			);
			defaultConfigurationIsVisible = 0;
			defaultConfigurationName = Release;
		};
/* End XCConfigurationList section */
	};
	rootObject = E74142B11AC15E3F00CA648B /* Project object */;
}
